{
  "name": "wordle",
  "version": "1.0.0",
  "lockfileVersion": 2,
  "requires": true,
  "packages": {
    "": {
      "name": "wordle",
      "version": "1.0.0",
      "license": "ISC",
      "dependencies": {
        "sowpods-five": "^1.0.1"
      },
      "devDependencies": {}
    },
    "node_modules/sowpods-five": {
      "version": "1.0.1",
      "resolved": "https://registry.npmjs.org/sowpods-five/-/sowpods-five-1.0.1.tgz",
      "integrity": "sha1-//775Rp0UE4gym2+Vc7m8inloBs="
    }
  },
  "dependencies": {
    "sowpods-five": {
      "version": "1.0.1",
      "resolved": "https://registry.npmjs.org/sowpods-five/-/sowpods-five-1.0.1.tgz",
      "integrity": "sha1-//775Rp0UE4gym2+Vc7m8inloBs="
    }
  }
}
